
Microsoft Visual Studio Solution File, Format Version 11.00
# Visual Studio 2010
Project("{FAE04EC0-301F-11D3-BF4B-00C04F79EFBC}") = "MyAlbumEditor", "MyAlbumEditor\MyAlbumEditor.csproj", "{6139F6D6-4323-4D0F-BA8E-825EED12CCB5}"
EndProject
Project("{FAE04EC0-301F-11D3-BF4B-00C04F79EFBC}") = "MyPhotoControls", "..\MyPhotos\MyPhotoControls\MyPhotoControls.csproj", "{94C5E115-36C2-4E08-BF0A-F5520863F1AB}"
EndProject
Project("{FAE04EC0-301F-11D3-BF4B-00C04F79EFBC}") = "MyPhotoAlbum", "..\MyPhotos\MyPhotoAlbum\MyPhotoAlbum.csproj", "{949DC05B-C04B-4D13-812C-AA9144F5F796}"
EndProject
Global
	GlobalSection(SolutionConfigurationPlatforms) = preSolution
		Debug|Any CPU = Debug|Any CPU
		Debug|Mixed Platforms = Debug|Mixed Platforms
		Debug|x86 = Debug|x86
		Release|Any CPU = Release|Any CPU
		Release|Mixed Platforms = Release|Mixed Platforms
		Release|x86 = Release|x86
	EndGlobalSection
	GlobalSection(ProjectConfigurationPlatforms) = postSolution
		{6139F6D6-4323-4D0F-BA8E-825EED12CCB5}.Debug|Any CPU.ActiveCfg = Debug|x86
		{6139F6D6-4323-4D0F-BA8E-825EED12CCB5}.Debug|Mixed Platforms.ActiveCfg = Debug|x86
		{6139F6D6-4323-4D0F-BA8E-825EED12CCB5}.Debug|Mixed Platforms.Build.0 = Debug|x86
		{6139F6D6-4323-4D0F-BA8E-825EED12CCB5}.Debug|x86.ActiveCfg = Debug|x86
		{6139F6D6-4323-4D0F-BA8E-825EED12CCB5}.Debug|x86.Build.0 = Debug|x86
		{6139F6D6-4323-4D0F-BA8E-825EED12CCB5}.Release|Any CPU.ActiveCfg = Release|x86
		{6139F6D6-4323-4D0F-BA8E-825EED12CCB5}.Release|Mixed Platforms.ActiveCfg = Release|x86
		{6139F6D6-4323-4D0F-BA8E-825EED12CCB5}.Release|Mixed Platforms.Build.0 = Release|x86
		{6139F6D6-4323-4D0F-BA8E-825EED12CCB5}.Release|x86.ActiveCfg = Release|x86
		{6139F6D6-4323-4D0F-BA8E-825EED12CCB5}.Release|x86.Build.0 = Release|x86
		{94C5E115-36C2-4E08-BF0A-F5520863F1AB}.Debug|Any CPU.ActiveCfg = Debug|Any CPU
		{94C5E115-36C2-4E08-BF0A-F5520863F1AB}.Debug|Any CPU.Build.0 = Debug|Any CPU
		{94C5E115-36C2-4E08-BF0A-F5520863F1AB}.Debug|Mixed Platforms.ActiveCfg = Debug|Any CPU
		{94C5E115-36C2-4E08-BF0A-F5520863F1AB}.Debug|Mixed Platforms.Build.0 = Debug|Any CPU
		{94C5E115-36C2-4E08-BF0A-F5520863F1AB}.Debug|x86.ActiveCfg = Debug|Any CPU
		{94C5E115-36C2-4E08-BF0A-F5520863F1AB}.Release|Any CPU.ActiveCfg = Release|Any CPU
		{94C5E115-36C2-4E08-BF0A-F5520863F1AB}.Release|Any CPU.Build.0 = Release|Any CPU
		{94C5E115-36C2-4E08-BF0A-F5520863F1AB}.Release|Mixed Platforms.ActiveCfg = Release|Any CPU
		{94C5E115-36C2-4E08-BF0A-F5520863F1AB}.Release|Mixed Platforms.Build.0 = Release|Any CPU
		{94C5E115-36C2-4E08-BF0A-F5520863F1AB}.Release|x86.ActiveCfg = Release|Any CPU
		{949DC05B-C04B-4D13-812C-AA9144F5F796}.Debug|Any CPU.ActiveCfg = Debug|Any CPU
		{949DC05B-C04B-4D13-812C-AA9144F5F796}.Debug|Any CPU.Build.0 = Debug|Any CPU
		{949DC05B-C04B-4D13-812C-AA9144F5F796}.Debug|Mixed Platforms.ActiveCfg = Debug|Any CPU
		{949DC05B-C04B-4D13-812C-AA9144F5F796}.Debug|Mixed Platforms.Build.0 = Debug|Any CPU
		{949DC05B-C04B-4D13-812C-AA9144F5F796}.Debug|x86.ActiveCfg = Debug|Any CPU
		{949DC05B-C04B-4D13-812C-AA9144F5F796}.Release|Any CPU.ActiveCfg = Release|Any CPU
		{949DC05B-C04B-4D13-812C-AA9144F5F796}.Release|Any CPU.Build.0 = Release|Any CPU
		{949DC05B-C04B-4D13-812C-AA9144F5F796}.Release|Mixed Platforms.ActiveCfg = Release|Any CPU
		{949DC05B-C04B-4D13-812C-AA9144F5F796}.Release|Mixed Platforms.Build.0 = Release|Any CPU
		{949DC05B-C04B-4D13-812C-AA9144F5F796}.Release|x86.ActiveCfg = Release|Any CPU
	EndGlobalSection
	GlobalSection(SolutionProperties) = preSolution
		HideSolutionNode = FALSE
	EndGlobalSection
EndGlobal
